
Microsoft Visual Studio Solution File, Format Version 12.00
# Visual Studio Version 17
VisualStudioVersion = 17.7.34009.444
MinimumVisualStudioVersion = 10.0.40219.1
Project("{F184B08F-C81C-45F6-A57F-5ABD9991F28F}") = "Games", "Games\Games.vbproj", "{446882A2-35F9-4DB0-B45C-099BE127C919}"
EndProject
Global
	GlobalSection(SolutionConfigurationPlatforms) = preSolution
		Debug|Any CPU = Debug|Any CPU
		Release|Any CPU = Release|Any CPU
	EndGlobalSection
	GlobalSection(ProjectConfigurationPlatforms) = postSolution
		{446882A2-35F9-4DB0-B45C-099BE127C919}.Debug|Any CPU.ActiveCfg = Debug|Any CPU
		{446882A2-35F9-4DB0-B45C-099BE127C919}.Debug|Any CPU.Build.0 = Debug|Any CPU
		{446882A2-35F9-4DB0-B45C-099BE127C919}.Release|Any CPU.ActiveCfg = Release|Any CPU
		{446882A2-35F9-4DB0-B45C-099BE127C919}.Release|Any CPU.Build.0 = Release|Any CPU
	EndGlobalSection
	GlobalSection(SolutionProperties) = preSolution
		HideSolutionNode = FALSE
	EndGlobalSection
	GlobalSection(ExtensibilityGlobals) = postSolution
		SolutionGuid = {77C62775-A389-44FF-AAE9-CA0842CB6601}
	EndGlobalSection
EndGlobal
