
Microsoft Visual Studio Solution File, Format Version 12.00
# Visual Studio Version 17
VisualStudioVersion = 17.7.34009.444
MinimumVisualStudioVersion = 10.0.40219.1
Project("{F184B08F-C81C-45F6-A57F-5ABD9991F28F}") = "Foreign Exchange Market", "Foreign Exchange Market\Foreign Exchange Market.vbproj", "{8025EA31-0DCE-4EBC-90F4-9A9501BDF17A}"
EndProject
Global
	GlobalSection(SolutionConfigurationPlatforms) = preSolution
		Debug|Any CPU = Debug|Any CPU
		Release|Any CPU = Release|Any CPU
	EndGlobalSection
	GlobalSection(ProjectConfigurationPlatforms) = postSolution
		{8025EA31-0DCE-4EBC-90F4-9A9501BDF17A}.Debug|Any CPU.ActiveCfg = Debug|Any CPU
		{8025EA31-0DCE-4EBC-90F4-9A9501BDF17A}.Debug|Any CPU.Build.0 = Debug|Any CPU
		{8025EA31-0DCE-4EBC-90F4-9A9501BDF17A}.Release|Any CPU.ActiveCfg = Release|Any CPU
		{8025EA31-0DCE-4EBC-90F4-9A9501BDF17A}.Release|Any CPU.Build.0 = Release|Any CPU
	EndGlobalSection
	GlobalSection(SolutionProperties) = preSolution
		HideSolutionNode = FALSE
	EndGlobalSection
	GlobalSection(ExtensibilityGlobals) = postSolution
		SolutionGuid = {7952BCDF-C1DD-4604-B86A-059F0A29ABE3}
	EndGlobalSection
EndGlobal
